{
  "name": "client",
  "version": "1.0.0",
  "lockfileVersion": 2,
  "requires": true,
  "packages": {
    "": {
      "name": "client",
      "version": "1.0.0",
      "license": "ISC",
      "dependencies": {
        "avsc": "^5.7.7",
        "bluebird": "^3.7.2"
      },
      "devDependencies": {
        "@avro/types": "^1.0.25",
        "@types/node": "^18.11.10",
        "typescript": "^4.9.3"
      }
    },
    "node_modules/@avro/types": {
      "version": "1.0.25",
      "resolved": "https://registry.npmjs.org/@avro/types/-/types-1.0.25.tgz",
      "integrity": "sha512-rQmCpcsYfO1QO1R3I+T33SB21sq8d7K4PJb8uuaWGNRdWrNSQzQjcZXRqBD3g1m8Cg1RVINT1COmlqRg1uBLLA==",
      "dev": true,
      "engines": {
        "node": ">=0.11"
      }
    },
    "node_modules/@types/node": {
      "version": "18.11.10",
      "resolved": "https://registry.npmjs.org/@types/node/-/node-18.11.10.tgz",
      "integrity": "sha512-juG3RWMBOqcOuXC643OAdSA525V44cVgGV6dUDuiFtss+8Fk5x1hI93Rsld43VeJVIeqlP9I7Fn9/qaVqoEAuQ==",
      "dev": true
    },
    "node_modules/avsc": {
      "version": "5.7.7",
      "resolved": "https://registry.npmjs.org/avsc/-/avsc-5.7.7.tgz",
      "integrity": "sha512-9cYNccliXZDByFsFliVwk5GvTq058Fj513CiR4E60ndDwmuXzTJEp/Bp8FyuRmGyYupLjHLs+JA9/CBoVS4/NQ==",
      "engines": {
        "node": ">=0.11"
      }
    },
    "node_modules/bluebird": {
      "version": "3.7.2",
      "resolved": "https://registry.npmjs.org/bluebird/-/bluebird-3.7.2.tgz",
      "integrity": "sha512-XpNj6GDQzdfW+r2Wnn7xiSAd7TM3jzkxGXBGTtWKuSXv1xUV+azxAm8jdWZN06QTQk+2N2XB9jRDkvbmQmcRtg=="
    },
    "node_modules/typescript": {
      "version": "4.9.3",
      "resolved": "https://registry.npmjs.org/typescript/-/typescript-4.9.3.tgz",
      "integrity": "sha512-CIfGzTelbKNEnLpLdGFgdyKhG23CKdKgQPOBc+OUNrkJ2vr+KSzsSV5kq5iWhEQbok+quxgGzrAtGWCyU7tHnA==",
      "dev": true,
      "bin": {
        "tsc": "bin/tsc",
        "tsserver": "bin/tsserver"
      },
      "engines": {
        "node": ">=4.2.0"
      }
    }
  },
  "dependencies": {
    "@avro/types": {
      "version": "1.0.25",
      "resolved": "https://registry.npmjs.org/@avro/types/-/types-1.0.25.tgz",
      "integrity": "sha512-rQmCpcsYfO1QO1R3I+T33SB21sq8d7K4PJb8uuaWGNRdWrNSQzQjcZXRqBD3g1m8Cg1RVINT1COmlqRg1uBLLA==",
      "dev": true
    },
    "@types/node": {
      "version": "18.11.10",
      "resolved": "https://registry.npmjs.org/@types/node/-/node-18.11.10.tgz",
      "integrity": "sha512-juG3RWMBOqcOuXC643OAdSA525V44cVgGV6dUDuiFtss+8Fk5x1hI93Rsld43VeJVIeqlP9I7Fn9/qaVqoEAuQ==",
      "dev": true
    },
    "avsc": {
      "version": "5.7.7",
      "resolved": "https://registry.npmjs.org/avsc/-/avsc-5.7.7.tgz",
      "integrity": "sha512-9cYNccliXZDByFsFliVwk5GvTq058Fj513CiR4E60ndDwmuXzTJEp/Bp8FyuRmGyYupLjHLs+JA9/CBoVS4/NQ=="
    },
    "bluebird": {
      "version": "3.7.2",
      "resolved": "https://registry.npmjs.org/bluebird/-/bluebird-3.7.2.tgz",
      "integrity": "sha512-XpNj6GDQzdfW+r2Wnn7xiSAd7TM3jzkxGXBGTtWKuSXv1xUV+azxAm8jdWZN06QTQk+2N2XB9jRDkvbmQmcRtg=="
    },
    "typescript": {
      "version": "4.9.3",
      "resolved": "https://registry.npmjs.org/typescript/-/typescript-4.9.3.tgz",
      "integrity": "sha512-CIfGzTelbKNEnLpLdGFgdyKhG23CKdKgQPOBc+OUNrkJ2vr+KSzsSV5kq5iWhEQbok+quxgGzrAtGWCyU7tHnA==",
      "dev": true
    }
  }
}
